
Microsoft Visual Studio Solution File, Format Version 11.00
# Visual Studio 2010
Project("{FAE04EC0-301F-11D3-BF4B-00C04F79EFBC}") = "MyPhotos", "MyPhotos\MyPhotos.csproj", "{F3FB276F-9A57-4F33-9C05-9BAC7E2844ED}"
EndProject
Project("{FAE04EC0-301F-11D3-BF4B-00C04F79EFBC}") = "PhotoAlbum", "PhotoAlbum\PhotoAlbum.csproj", "{735D825F-63FC-4E2A-86E9-C2BCBCA9F5DD}"
EndProject
Project("{FAE04EC0-301F-11D3-BF4B-00C04F79EFBC}") = "MyPhotoControls", "MyPhotoControls\MyPhotoControls.csproj", "{39A9EB84-9E75-4872-9EAA-D93CE9465C52}"
EndProject
Global
	GlobalSection(SolutionConfigurationPlatforms) = preSolution
		Debug|Any CPU = Debug|Any CPU
		Debug|Mixed Platforms = Debug|Mixed Platforms
		Debug|x86 = Debug|x86
		Release|Any CPU = Release|Any CPU
		Release|Mixed Platforms = Release|Mixed Platforms
		Release|x86 = Release|x86
	EndGlobalSection
	GlobalSection(ProjectConfigurationPlatforms) = postSolution
		{F3FB276F-9A57-4F33-9C05-9BAC7E2844ED}.Debug|Any CPU.ActiveCfg = Debug|x86
		{F3FB276F-9A57-4F33-9C05-9BAC7E2844ED}.Debug|Mixed Platforms.ActiveCfg = Debug|x86
		{F3FB276F-9A57-4F33-9C05-9BAC7E2844ED}.Debug|Mixed Platforms.Build.0 = Debug|x86
		{F3FB276F-9A57-4F33-9C05-9BAC7E2844ED}.Debug|x86.ActiveCfg = Debug|x86
		{F3FB276F-9A57-4F33-9C05-9BAC7E2844ED}.Debug|x86.Build.0 = Debug|x86
		{F3FB276F-9A57-4F33-9C05-9BAC7E2844ED}.Release|Any CPU.ActiveCfg = Release|x86
		{F3FB276F-9A57-4F33-9C05-9BAC7E2844ED}.Release|Mixed Platforms.ActiveCfg = Release|x86
		{F3FB276F-9A57-4F33-9C05-9BAC7E2844ED}.Release|Mixed Platforms.Build.0 = Release|x86
		{F3FB276F-9A57-4F33-9C05-9BAC7E2844ED}.Release|x86.ActiveCfg = Release|x86
		{F3FB276F-9A57-4F33-9C05-9BAC7E2844ED}.Release|x86.Build.0 = Release|x86
		{735D825F-63FC-4E2A-86E9-C2BCBCA9F5DD}.Debug|Any CPU.ActiveCfg = Debug|Any CPU
		{735D825F-63FC-4E2A-86E9-C2BCBCA9F5DD}.Debug|Any CPU.Build.0 = Debug|Any CPU
		{735D825F-63FC-4E2A-86E9-C2BCBCA9F5DD}.Debug|Mixed Platforms.ActiveCfg = Debug|Any CPU
		{735D825F-63FC-4E2A-86E9-C2BCBCA9F5DD}.Debug|Mixed Platforms.Build.0 = Debug|Any CPU
		{735D825F-63FC-4E2A-86E9-C2BCBCA9F5DD}.Debug|x86.ActiveCfg = Debug|Any CPU
		{735D825F-63FC-4E2A-86E9-C2BCBCA9F5DD}.Release|Any CPU.ActiveCfg = Release|Any CPU
		{735D825F-63FC-4E2A-86E9-C2BCBCA9F5DD}.Release|Any CPU.Build.0 = Release|Any CPU
		{735D825F-63FC-4E2A-86E9-C2BCBCA9F5DD}.Release|Mixed Platforms.ActiveCfg = Release|Any CPU
		{735D825F-63FC-4E2A-86E9-C2BCBCA9F5DD}.Release|Mixed Platforms.Build.0 = Release|Any CPU
		{735D825F-63FC-4E2A-86E9-C2BCBCA9F5DD}.Release|x86.ActiveCfg = Release|Any CPU
		{39A9EB84-9E75-4872-9EAA-D93CE9465C52}.Debug|Any CPU.ActiveCfg = Debug|Any CPU
		{39A9EB84-9E75-4872-9EAA-D93CE9465C52}.Debug|Any CPU.Build.0 = Debug|Any CPU
		{39A9EB84-9E75-4872-9EAA-D93CE9465C52}.Debug|Mixed Platforms.ActiveCfg = Debug|Any CPU
		{39A9EB84-9E75-4872-9EAA-D93CE9465C52}.Debug|Mixed Platforms.Build.0 = Debug|Any CPU
		{39A9EB84-9E75-4872-9EAA-D93CE9465C52}.Debug|x86.ActiveCfg = Debug|Any CPU
		{39A9EB84-9E75-4872-9EAA-D93CE9465C52}.Release|Any CPU.ActiveCfg = Release|Any CPU
		{39A9EB84-9E75-4872-9EAA-D93CE9465C52}.Release|Any CPU.Build.0 = Release|Any CPU
		{39A9EB84-9E75-4872-9EAA-D93CE9465C52}.Release|Mixed Platforms.ActiveCfg = Release|Any CPU
		{39A9EB84-9E75-4872-9EAA-D93CE9465C52}.Release|Mixed Platforms.Build.0 = Release|Any CPU
		{39A9EB84-9E75-4872-9EAA-D93CE9465C52}.Release|x86.ActiveCfg = Release|Any CPU
	EndGlobalSection
	GlobalSection(SolutionProperties) = preSolution
		HideSolutionNode = FALSE
	EndGlobalSection
EndGlobal
